{
    "name": "@boat/core",
    "version": "0.0.0-PLACEHOLDER",
    "lockfileVersion": 1,
    "requires": true,
    "dependencies": {
        "injection-js": {
            "version": "2.1.0",
            "resolved": "https://registry.npmjs.org/injection-js/-/injection-js-2.1.0.tgz",
            "integrity": "sha1-KCPkAg9NDKpiyitOCMsfNht3kLs="
        },
        "reflect-metadata": {
            "version": "0.1.10",
            "resolved": "https://registry.npmjs.org/reflect-metadata/-/reflect-metadata-0.1.10.tgz",
            "integrity": "sha1-tPg3BEFqytiZiMmxVjXUfgO5NEo="
        }
    }
}
