{
    "name": "@orbital/http",
    "version": "0.0.0-PLACEHOLDER",
    "lockfileVersion": 1,
    "requires": true,
    "dependencies": {
        "@orbital/core": {
            "version": "1.0.0-alpha.11",
            "resolved": "https://registry.npmjs.org/@orbital/core/-/core-1.0.0-alpha.11.tgz",
            "integrity": "sha1-3I8Yb2sO9w5JcTzGYTuDUL/DD1Q=",
            "dev": true,
            "requires": {
                "injection-js": "2.1.0",
                "reflect-metadata": "0.1.10"
            }
        },
        "@types/bson": {
            "version": "1.0.3",
            "resolved": "https://registry.npmjs.org/@types/bson/-/bson-1.0.3.tgz",
            "integrity": "sha1-bCbwh2v52Muwbt1AGeKTVL86A+A=",
            "dev": true,
            "requires": {
                "@types/node": "8.0.19"
            }
        },
        "@types/lodash": {
            "version": "4.14.71",
            "resolved": "https://registry.npmjs.org/@types/lodash/-/lodash-4.14.71.tgz",
            "integrity": "sha512-x9E8HYuhmcQJPjhTd+t0oRXiQCJXoRPSzCOgYKggxtvNb/kGw8RrbdZzCXrQ6i/i4o0TettxyouY7UdbqkS4AQ==",
            "dev": true
        },
        "@types/mongodb": {
            "version": "2.2.9",
            "resolved": "https://registry.npmjs.org/@types/mongodb/-/mongodb-2.2.9.tgz",
            "integrity": "sha512-+WS0f3xoPpRUghXFwxUzSkcBr9f4qgZz4oXsMt+fYCxqhoKTmR/5KunYX0pOMH7gy0AmQJTGbQvAzr22hXML8w==",
            "dev": true,
            "requires": {
                "@types/bson": "1.0.3",
                "@types/node": "8.0.19"
            }
        },
        "@types/node": {
            "version": "8.0.19",
            "resolved": "https://registry.npmjs.org/@types/node/-/node-8.0.19.tgz",
            "integrity": "sha512-VRQB+Q0L3YZWs45uRdpN9oWr82meL/8TrJ6faoKT5tp0uub2l/aRMhtm5fo68h7kjYKH60f9/bay1nF7ZpTW5g==",
            "dev": true
        },
        "bson": {
            "version": "1.0.4",
            "resolved": "https://registry.npmjs.org/bson/-/bson-1.0.4.tgz",
            "integrity": "sha1-k8ENOeqltYQVy8QFLz5T5WKwtyw="
        },
        "buffer-shims": {
            "version": "1.0.0",
            "resolved": "https://registry.npmjs.org/buffer-shims/-/buffer-shims-1.0.0.tgz",
            "integrity": "sha1-mXjOMXOIxkmth5MCjDR37wRKi1E="
        },
        "core-util-is": {
            "version": "1.0.2",
            "resolved": "https://registry.npmjs.org/core-util-is/-/core-util-is-1.0.2.tgz",
            "integrity": "sha1-tf1UIgqivFq1eqtxQMlAdUUDwac="
        },
        "es6-promise": {
            "version": "3.2.1",
            "resolved": "https://registry.npmjs.org/es6-promise/-/es6-promise-3.2.1.tgz",
            "integrity": "sha1-7FYjOGgDKQkgcXDDlEjiREndH8Q="
        },
        "inherits": {
            "version": "2.0.3",
            "resolved": "https://registry.npmjs.org/inherits/-/inherits-2.0.3.tgz",
            "integrity": "sha1-Yzwsg+PaQqUC9SRmAiSA9CCCYd4="
        },
        "injection-js": {
            "version": "2.1.0",
            "resolved": "https://registry.npmjs.org/injection-js/-/injection-js-2.1.0.tgz",
            "integrity": "sha1-KCPkAg9NDKpiyitOCMsfNht3kLs="
        },
        "isarray": {
            "version": "1.0.0",
            "resolved": "https://registry.npmjs.org/isarray/-/isarray-1.0.0.tgz",
            "integrity": "sha1-u5NdSFgsuhaMBoNJV6VKPgcSTxE="
        },
        "lodash": {
            "version": "4.17.4",
            "resolved": "https://registry.npmjs.org/lodash/-/lodash-4.17.4.tgz",
            "integrity": "sha1-eCA6TRwyiuHYbcpkYONptX9AVa4="
        },
        "mongodb": {
            "version": "2.2.30",
            "resolved": "https://registry.npmjs.org/mongodb/-/mongodb-2.2.30.tgz",
            "integrity": "sha1-jM2AH2dsgXIEDC8rR+lgKg1WNKs=",
            "requires": {
                "es6-promise": "3.2.1",
                "mongodb-core": "2.1.14",
                "readable-stream": "2.2.7"
            }
        },
        "mongodb-core": {
            "version": "2.1.14",
            "resolved": "https://registry.npmjs.org/mongodb-core/-/mongodb-core-2.1.14.tgz",
            "integrity": "sha1-E8uidkImtb49GJkq8Mljzl6g8P0=",
            "requires": {
                "bson": "1.0.4",
                "require_optional": "1.0.1"
            }
        },
        "process-nextick-args": {
            "version": "1.0.7",
            "resolved": "https://registry.npmjs.org/process-nextick-args/-/process-nextick-args-1.0.7.tgz",
            "integrity": "sha1-FQ4gt1ZZCtP5EJPyWk8q2L/zC6M="
        },
        "readable-stream": {
            "version": "2.2.7",
            "resolved": "https://registry.npmjs.org/readable-stream/-/readable-stream-2.2.7.tgz",
            "integrity": "sha1-BwV6y+JGeyIELTb5jFrVBwVOlbE=",
            "requires": {
                "buffer-shims": "1.0.0",
                "core-util-is": "1.0.2",
                "inherits": "2.0.3",
                "isarray": "1.0.0",
                "process-nextick-args": "1.0.7",
                "string_decoder": "1.0.3",
                "util-deprecate": "1.0.2"
            }
        },
        "reflect-metadata": {
            "version": "0.1.10",
            "resolved": "https://registry.npmjs.org/reflect-metadata/-/reflect-metadata-0.1.10.tgz",
            "integrity": "sha1-tPg3BEFqytiZiMmxVjXUfgO5NEo="
        },
        "require_optional": {
            "version": "1.0.1",
            "resolved": "https://registry.npmjs.org/require_optional/-/require_optional-1.0.1.tgz",
            "integrity": "sha512-qhM/y57enGWHAe3v/NcwML6a3/vfESLe/sGM2dII+gEO0BpKRUkWZow/tyloNqJyN6kXSl3RyyM8Ll5D/sJP8g==",
            "requires": {
                "resolve-from": "2.0.0",
                "semver": "5.4.1"
            }
        },
        "resolve-from": {
            "version": "2.0.0",
            "resolved": "https://registry.npmjs.org/resolve-from/-/resolve-from-2.0.0.tgz",
            "integrity": "sha1-lICrIOlP+h2egKgEx+oUdhGWa1c="
        },
        "rxjs": {
            "version": "5.4.2",
            "resolved": "https://registry.npmjs.org/rxjs/-/rxjs-5.4.2.tgz",
            "integrity": "sha1-KjI2/L8D31e64G/Wly/ZnlwI/Pc=",
            "dev": true,
            "requires": {
                "symbol-observable": "1.0.4"
            }
        },
        "safe-buffer": {
            "version": "5.1.1",
            "resolved": "https://registry.npmjs.org/safe-buffer/-/safe-buffer-5.1.1.tgz",
            "integrity": "sha512-kKvNJn6Mm93gAczWVJg7wH+wGYWNrDHdWvpUmHyEsgCtIwwo3bqPtV4tR5tuPaUhTOo/kvhVwd8XwwOllGYkbg=="
        },
        "semver": {
            "version": "5.4.1",
            "resolved": "https://registry.npmjs.org/semver/-/semver-5.4.1.tgz",
            "integrity": "sha512-WfG/X9+oATh81XtllIo/I8gOiY9EXRdv1cQdyykeXK17YcUW3EXUAi2To4pcH6nZtJPr7ZOpM5OMyWJZm+8Rsg=="
        },
        "string_decoder": {
            "version": "1.0.3",
            "resolved": "https://registry.npmjs.org/string_decoder/-/string_decoder-1.0.3.tgz",
            "integrity": "sha512-4AH6Z5fzNNBcH+6XDMfA/BTt87skxqJlO0lAh3Dker5zThcAxG6mKz+iGu308UKoPPQ8Dcqx/4JhujzltRa+hQ==",
            "requires": {
                "safe-buffer": "5.1.1"
            }
        },
        "symbol-observable": {
            "version": "1.0.4",
            "resolved": "https://registry.npmjs.org/symbol-observable/-/symbol-observable-1.0.4.tgz",
            "integrity": "sha1-Kb9hXUqnEhvdiYsi1LP5vE4qoD0=",
            "dev": true
        },
        "util-deprecate": {
            "version": "1.0.2",
            "resolved": "https://registry.npmjs.org/util-deprecate/-/util-deprecate-1.0.2.tgz",
            "integrity": "sha1-RQ1Nyfpw3nMnYvvS1KKJgUGaDM8="
        }
    }
}
